lockfile_version: '1'
generated_at: '2026-08-23T16:38:51.292601+00:00'
apm_version: 0.28.0
dependencies:
- repo_url: aoirint/skills
  name: skills
  host: github.com
  resolved_commit: f1c9dbd447dd0a446da62267994b3243596990b2
  resolved_ref: f1c9dbd447dd0a446da62267994b3243596990b2
  version: 0.0.0
  package_type: apm_package
  deployed_files:
  - .agents/skills/apm-workflow
  - .agents/skills/apm-workflow/README.md
  - .agents/skills/apm-workflow/SKILL.md
  - .agents/skills/apm-workflow/agents/openai.yaml
  - .agents/skills/apm-workflow/references/apm-bootstrap.json
  - .agents/skills/apm-workflow/scripts/propose_bootstrap_update.py
  - .agents/skills/apm-workflow/scripts/propose_bootstrap_update.py.lock
  - .agents/skills/changelog-workflow
  - .agents/skills/changelog-workflow/README.md
  - .agents/skills/changelog-workflow/SKILL.md
  - .agents/skills/changelog-workflow/agents/openai.yaml
  - .agents/skills/code-quality-check
  - .agents/skills/code-quality-check/README.md
  - .agents/skills/code-quality-check/SKILL.md
  - .agents/skills/code-quality-check/agents/openai.yaml
  - .agents/skills/commit-message-quality-check
  - .agents/skills/commit-message-quality-check/README.md
  - .agents/skills/commit-message-quality-check/SKILL.md
  - .agents/skills/commit-message-quality-check/agents/openai.yaml
  - .agents/skills/docker-quality-check
  - .agents/skills/docker-quality-check/README.md
  - .agents/skills/docker-quality-check/SKILL.md
  - .agents/skills/docker-quality-check/agents/openai.yaml
  - .agents/skills/docker-quality-check/assets/github/actions/check-docker-source/action.yml
  - .agents/skills/docker-quality-check/assets/github/workflows/main.yml
  - .agents/skills/docker-quality-check/assets/github/workflows/pull-request.yml
  - .agents/skills/docker-quality-check/references/accelerator-runtime-validation.md
  - .agents/skills/docker-quality-check/references/ci-template-contract.md
  - .agents/skills/docker-quality-check/references/registry-image-deletion.md
  - .agents/skills/docker-quality-check/references/runtime-isolation-validation.md
  - .agents/skills/git-worktree-workflow
  - .agents/skills/git-worktree-workflow/README.md
  - .agents/skills/git-worktree-workflow/SKILL.md
  - .agents/skills/git-worktree-workflow/agents/openai.yaml
  - .agents/skills/github-workflow
  - .agents/skills/github-workflow/README.md
  - .agents/skills/github-workflow/SKILL.md
  - .agents/skills/github-workflow/agents/openai.yaml
  - .agents/skills/github-workflow/references/fallback-pr-body.md
  - .agents/skills/github-workflow/references/repository-settings.md
  - .agents/skills/github-workflow/scripts/check_llm_disclosure.py
  - .agents/skills/gitignore-workflow
  - .agents/skills/gitignore-workflow/README.md
  - .agents/skills/gitignore-workflow/SKILL.md
  - .agents/skills/gitignore-workflow/agents/openai.yaml
  - .agents/skills/prose-quality-check
  - .agents/skills/prose-quality-check/README.md
  - .agents/skills/prose-quality-check/SKILL.md
  - .agents/skills/prose-quality-check/agents/openai.yaml
  - .agents/skills/prose-quality-check/assets/markdownlint-cli2.yaml
  - .agents/skills/python-quality-check
  - .agents/skills/python-quality-check/README.md
  - .agents/skills/python-quality-check/SKILL.md
  - .agents/skills/python-quality-check/agents/openai.yaml
  - .agents/skills/python-quality-check/assets/github/actions/setup-python-locked/action.yml
  - .agents/skills/python-quality-check/assets/github/actions/setup-python-locked/resolve-python-contract.sh
  - .agents/skills/python-quality-check/references/ci-and-distribution.md
  - .agents/skills/python-quality-check/references/tooling-and-testing.md
  - .agents/skills/python-quality-check/scripts/check_project.py
  - .agents/skills/python-quality-check/scripts/check_project.py.lock
  - .agents/skills/python-quality-check/scripts/inspect_distribution.py
  - .agents/skills/python-quality-check/scripts/inspect_distribution.py.lock
  - .agents/skills/python-quality-check/scripts/test_check_project.py
  - .agents/skills/python-quality-check/scripts/test_inspect_distribution.py
  - .agents/skills/release-note-workflow
  - .agents/skills/release-note-workflow/README.md
  - .agents/skills/release-note-workflow/SKILL.md
  - .agents/skills/release-note-workflow/agents/openai.yaml
  - .agents/skills/security-check
  - .agents/skills/security-check/README.md
  - .agents/skills/security-check/SKILL.md
  - .agents/skills/security-check/agents/openai.yaml
  - .agents/skills/security-check/references/artifact-inspection.md
  - .agents/skills/security-check/references/distributed-software-licensing.md
  - .agents/skills/security-check/references/external-code-execution.md
  deployed_file_hashes:
    .agents/skills/apm-workflow/README.md: sha256:e346edab06f5ec792cdb77edcaa8042f523af67753dc4fe72498ae1899b87c89
    .agents/skills/apm-workflow/SKILL.md: sha256:f4d7a88ce5919909fb68bc77d6c95723ce8f2d9bffe309aa0e25abef4a8997fa
    .agents/skills/apm-workflow/agents/openai.yaml: sha256:f3c083196472ec9253886b369202ddeb8eb2534fd2da9799798bae2eb33b2e55
    .agents/skills/apm-workflow/references/apm-bootstrap.json: sha256:ae425dc00b981c195e0664ad77b9fed8c4667a45efcdadd382e79fb572d7fc22
    .agents/skills/apm-workflow/scripts/propose_bootstrap_update.py: sha256:878feade115442de0c9c0f23856b1fca0b79cad117a1c1de75467cfd5ac9013c
    .agents/skills/apm-workflow/scripts/propose_bootstrap_update.py.lock: sha256:76042d39ffdbb675188966b4fc41d312b0ec9374a7aa438d4f5e919adcf04c07
    .agents/skills/changelog-workflow/README.md: sha256:7ef8167d26522d95f62b9f11d752487d62b6bfdae05850315189fbe2a19fed83
    .agents/skills/changelog-workflow/SKILL.md: sha256:8d9de8e0e3c31c4a2c176a0d14e3f1a45daf3db364ede7dd86983c8c3f571f54
    .agents/skills/changelog-workflow/agents/openai.yaml: sha256:6264e6dbd0433ab63370e15033ecb94da8dd131c4edcb1d3f2b9abdeb4f680f1
    .agents/skills/code-quality-check/README.md: sha256:b2cfd8bf9c3c7bd16cf86718877fa025396d15a380de88045122c4d162682cc2
    .agents/skills/code-quality-check/SKILL.md: sha256:30d64d4b25d9be96567f3e5f7106609e1a4d9a32b3c3d520d4b3aca459631990
    .agents/skills/code-quality-check/agents/openai.yaml: sha256:69a8a75579e3b47dc69a176417b97441adf81bc54984d3f6bc114e47a68bc9b3
    .agents/skills/commit-message-quality-check/README.md: sha256:c23949080d05f47cce728410ca3190225397aa41ac2015c6f02ee478ec412a24
    .agents/skills/commit-message-quality-check/SKILL.md: sha256:db272bb7467bcb6a6c3d837dec60a34f7081c135fcd40a9e00cf4a84e29ffabe
    .agents/skills/commit-message-quality-check/agents/openai.yaml: sha256:faffd948a0989dcfc87dcd3b0580c4a7003d01ef436e66dab9f280df57de652c
    .agents/skills/docker-quality-check/README.md: sha256:912a73d3de06babc6eed1ecdaf275139ae465797083dc5427affb54d00c57bf0
    .agents/skills/docker-quality-check/SKILL.md: sha256:85b24dafab008013de4edada0ab17defd1bd06ac879b3a0342648620b4e56cce
    .agents/skills/docker-quality-check/agents/openai.yaml: sha256:56a5f1b83f050b12555bbf85d1fd66c206016b8f939b79370e250b4e661cafd7
    .agents/skills/docker-quality-check/assets/github/actions/check-docker-source/action.yml: sha256:d3d30f80b163e6e60e6a47c46b79fc6f1afc6047ba093aacd5459432a069872e
    .agents/skills/docker-quality-check/assets/github/workflows/main.yml: sha256:7aaaecf2bc58c849c1877264f8c1363cd3376a158d25f948111f2adda7a1bf51
    .agents/skills/docker-quality-check/assets/github/workflows/pull-request.yml: sha256:f2571d65cf632f40ecdaca58334cb1ff793c7770aafffa0d691450216cf50a83
    .agents/skills/docker-quality-check/references/accelerator-runtime-validation.md: sha256:0a37c8eebe89a3d293603145708b6876a49ace3d856edf848ac74be07c596f45
    .agents/skills/docker-quality-check/references/ci-template-contract.md: sha256:e9d1a4f0c2e472dbe18f062a968f79e10daf10a87fa54091edfaead7222749b9
    .agents/skills/docker-quality-check/references/registry-image-deletion.md: sha256:a02688f52be5fccef96a2f25a70451eb8c579a46aa21ce27ee57ebc3a3f71a7e
    .agents/skills/docker-quality-check/references/runtime-isolation-validation.md: sha256:7eaadd59b0db06e156e52013e1beafaef8eb04ea47954a8db6e577a224cd8e02
    .agents/skills/git-worktree-workflow/README.md: sha256:fa6483b5919a01b84fa0d6ffcbaae20b84ed3807e18029e8807e61b0ee4f9de9
    .agents/skills/git-worktree-workflow/SKILL.md: sha256:67e2474b9878cc6cb209ae30b19c233f65969abe5b5d543f0c9a16e46f1d40d2
    .agents/skills/git-worktree-workflow/agents/openai.yaml: sha256:3eb9da73e7a041e77d82f0d5c3a8c67e914575cff8651b71d077db30fe3da99a
    .agents/skills/github-workflow/README.md: sha256:5d23c667c4b4aedfdad8110690ac0a08cb9f91b91b6e75b8769a12f497324bae
    .agents/skills/github-workflow/SKILL.md: sha256:fff81418d111a2fe43bdb0a438600d728fba867c129b5d690cf50d4326b840f0
    .agents/skills/github-workflow/agents/openai.yaml: sha256:1f792d6b510760ad131a4b4d077dfc84da1cdee4c30efc8e47d3e92aac939e6c
    .agents/skills/github-workflow/references/fallback-pr-body.md: sha256:b98239e7d4cdddd8e267ab155f4e4c38fcc514526d9a32f13fcd5b21a1c07eb2
    .agents/skills/github-workflow/references/repository-settings.md: sha256:4a7ac9d7281c203d84f4ba7ddad6940218194ed3e365ab1c3ff1d1b1519f87e6
    .agents/skills/github-workflow/scripts/check_llm_disclosure.py: sha256:bc9c5cbd8efa77095eac42e53da714ed8dff86fa3b0e7870fc3e7eca1ca36e20
    .agents/skills/gitignore-workflow/README.md: sha256:0de188ebcdd40ea1aec701410e1c2182049b66bc4ec4d83a3bf55685b4267d47
    .agents/skills/gitignore-workflow/SKILL.md: sha256:2ef38f42e418c10e0ba7632e3ba37614df97044dfa8847ad1338e6c4c896c089
    .agents/skills/gitignore-workflow/agents/openai.yaml: sha256:f6a9b176003028588ff4c1d9ee4e23c625892d00b65086bf4b6b26a3f896030d
    .agents/skills/prose-quality-check/README.md: sha256:8e4d9f8f8fdfba1cf7fe71fa88cac6baffa0d3c7616f744c0e3b1add102be5e7
    .agents/skills/prose-quality-check/SKILL.md: sha256:f2e0eca08cdbfb7efe9eadcf352b3ae874c8e8d48c753d0ea27ed3eda135bcff
    .agents/skills/prose-quality-check/agents/openai.yaml: sha256:b83e0a5d151e6e20df6f7d97f268955c6abfd105d53820f6baad0de8403fc062
    .agents/skills/prose-quality-check/assets/markdownlint-cli2.yaml: sha256:1044e29915fe15e9083f808d1170c84cfc0b848123c0da435cabb9512d39c203
    .agents/skills/python-quality-check/README.md: sha256:20a23003a24a8caf2f03dd5a06bed99c81cf93ab53fe5a196c6a67ab59c53b0e
    .agents/skills/python-quality-check/SKILL.md: sha256:bb6e4e3ad15fb89edf77643af0c7ede8a647d6d68a7d71d57da6acad5517206c
    .agents/skills/python-quality-check/agents/openai.yaml: sha256:f0b4ad3807e177becec02271314fb32c1ec8d5a7682725ddd4a611a5381084d1
    .agents/skills/python-quality-check/assets/github/actions/setup-python-locked/action.yml: sha256:a78b34f3bfdd20cd2624bb093f0a927ea6c2edddc4301a2d60ec8a86e0fa2589
    .agents/skills/python-quality-check/assets/github/actions/setup-python-locked/resolve-python-contract.sh: sha256:71e09fff0baf2630e766c8dd32eef32d0735dbc11b4f25fe335cca10f99548e8
    .agents/skills/python-quality-check/references/ci-and-distribution.md: sha256:e52aaf46c28816d6f6262a5421dba8de9f906d2b606987bedcda840d2e687281
    .agents/skills/python-quality-check/references/tooling-and-testing.md: sha256:dd55defe261fd16e88e9ef4acf2487ec4c05cca160c153db1a0e6746b3e39b44
    .agents/skills/python-quality-check/scripts/check_project.py: sha256:8175b500198399a2ce8b79b4fc8d1902f791d163a0d6dfd35b5ce56b41c5ccc5
    .agents/skills/python-quality-check/scripts/check_project.py.lock: sha256:76042d39ffdbb675188966b4fc41d312b0ec9374a7aa438d4f5e919adcf04c07
    .agents/skills/python-quality-check/scripts/inspect_distribution.py: sha256:86cc60199cf85c6eab39f648c9892963fbfd2ec6d913106119b0eb679eca6849
    .agents/skills/python-quality-check/scripts/inspect_distribution.py.lock: sha256:76042d39ffdbb675188966b4fc41d312b0ec9374a7aa438d4f5e919adcf04c07
    .agents/skills/python-quality-check/scripts/test_check_project.py: sha256:3f11ecf64d5febb40c3401cd1af77fdc979c273ed3e58000c5de15cc75bf4f89
    .agents/skills/python-quality-check/scripts/test_inspect_distribution.py: sha256:71758c1bb5e05991d8965a323f41e7c25aba529e777a9340d38c10f433392263
    .agents/skills/release-note-workflow/README.md: sha256:f13446e75a1c77495c4d55476ba8ca919aa3181e0864feb7a668a20a5cdf964b
    .agents/skills/release-note-workflow/SKILL.md: sha256:518296cb00d1ef181785ea8abd0150b9704b5cdd05a48fc0390284c548ef421c
    .agents/skills/release-note-workflow/agents/openai.yaml: sha256:30cfe7d4520783cfc8c72f5f81cc3e7a5708a5827e691f0003a665d89558fda0
    .agents/skills/security-check/README.md: sha256:d321689b998388180ac852fdb6374ab3b79bec508a53d00461a9db79fb246d2e
    .agents/skills/security-check/SKILL.md: sha256:658368991ef988551e192551e7e539a6801f74d587b95039bbc9b36c6ab75345
    .agents/skills/security-check/agents/openai.yaml: sha256:b1021ca2df7466813d0a376fc8bdff83603f568b02ef712e236fb2cfeef377c0
    .agents/skills/security-check/references/artifact-inspection.md: sha256:9842555f4789e77e6cf3d22b000116497207ecf6fa5587f2b1fe0dc20e7dffda
    .agents/skills/security-check/references/distributed-software-licensing.md: sha256:dce7c9fbfe665eb875388ab732b63b0226a5fd4592b12a62c42b6d1372c0d025
    .agents/skills/security-check/references/external-code-execution.md: sha256:87ca817baa02ef6b955e5878f0cd79c875abdb0be6e0177cfce158968e628bc3
  content_hash: sha256:23beea8cf3eed1e7200e40c653c069cfbd40b717bd0cd34311c2dd5bae882e36
  skill_subset:
  - apm-workflow
  - changelog-workflow
  - code-quality-check
  - commit-message-quality-check
  - docker-quality-check
  - git-worktree-workflow
  - github-workflow
  - gitignore-workflow
  - prose-quality-check
  - python-quality-check
  - release-note-workflow
  - security-check
  declared_license: MIT
deployments:
- kind: project-relative
  target: codex
  value: .agents/skills/apm-workflow
  runtime: null
  scope: project
  owners:
  - aoirint/skills
  active_owner: aoirint/skills
  content_hash: null
- kind: project-relative
  target: codex
  value: .agents/skills/apm-workflow/README.md
  runtime: null
  scope: project
  owners:
  - aoirint/skills
  active_owner: aoirint/skills
  content_hash: sha256:e346edab06f5ec792cdb77edcaa8042f523af67753dc4fe72498ae1899b87c89
- kind: project-relative
  target: codex
  value: .agents/skills/apm-workflow/SKILL.md
  runtime: null
  scope: project
  owners:
  - aoirint/skills
  active_owner: aoirint/skills
  content_hash: sha256:f4d7a88ce5919909fb68bc77d6c95723ce8f2d9bffe309aa0e25abef4a8997fa
- kind: project-relative
  target: codex
  value: .agents/skills/apm-workflow/agents/openai.yaml
  runtime: null
  scope: project
  owners:
  - aoirint/skills
  active_owner: aoirint/skills
  content_hash: sha256:f3c083196472ec9253886b369202ddeb8eb2534fd2da9799798bae2eb33b2e55
- kind: project-relative
  target: codex
  value: .agents/skills/apm-workflow/references/apm-bootstrap.json
  runtime: null
  scope: project
  owners:
  - aoirint/skills
  active_owner: aoirint/skills
  content_hash: sha256:ae425dc00b981c195e0664ad77b9fed8c4667a45efcdadd382e79fb572d7fc22
- kind: project-relative
  target: codex
  value: .agents/skills/apm-workflow/scripts/propose_bootstrap_update.py
  runtime: null
  scope: project
  owners:
  - aoirint/skills
  active_owner: aoirint/skills
  content_hash: sha256:878feade115442de0c9c0f23856b1fca0b79cad117a1c1de75467cfd5ac9013c
- kind: project-relative
  target: codex
  value: .agents/skills/apm-workflow/scripts/propose_bootstrap_update.py.lock
  runtime: null
  scope: project
  owners:
  - aoirint/skills
  active_owner: aoirint/skills
  content_hash: sha256:76042d39ffdbb675188966b4fc41d312b0ec9374a7aa438d4f5e919adcf04c07
- kind: project-relative
  target: codex
  value: .agents/skills/changelog-workflow
  runtime: null
  scope: project
  owners:
  - aoirint/skills
  active_owner: aoirint/skills
  content_hash: null
- kind: project-relative
  target: codex
  value: .agents/skills/changelog-workflow/README.md
  runtime: null
  scope: project
  owners:
  - aoirint/skills
  active_owner: aoirint/skills
  content_hash: sha256:7ef8167d26522d95f62b9f11d752487d62b6bfdae05850315189fbe2a19fed83
- kind: project-relative
  target: codex
  value: .agents/skills/changelog-workflow/SKILL.md
  runtime: null
  scope: project
  owners:
  - aoirint/skills
  active_owner: aoirint/skills
  content_hash: sha256:8d9de8e0e3c31c4a2c176a0d14e3f1a45daf3db364ede7dd86983c8c3f571f54
- kind: project-relative
  target: codex
  value: .agents/skills/changelog-workflow/agents/openai.yaml
  runtime: null
  scope: project
  owners:
  - aoirint/skills
  active_owner: aoirint/skills
  content_hash: sha256:6264e6dbd0433ab63370e15033ecb94da8dd131c4edcb1d3f2b9abdeb4f680f1
- kind: project-relative
  target: codex
  value: .agents/skills/code-quality-check
  runtime: null
  scope: project
  owners:
  - aoirint/skills
  active_owner: aoirint/skills
  content_hash: null
- kind: project-relative
  target: codex
  value: .agents/skills/code-quality-check/README.md
  runtime: null
  scope: project
  owners:
  - aoirint/skills
  active_owner: aoirint/skills
  content_hash: sha256:b2cfd8bf9c3c7bd16cf86718877fa025396d15a380de88045122c4d162682cc2
- kind: project-relative
  target: codex
  value: .agents/skills/code-quality-check/SKILL.md
  runtime: null
  scope: project
  owners:
  - aoirint/skills
  active_owner: aoirint/skills
  content_hash: sha256:30d64d4b25d9be96567f3e5f7106609e1a4d9a32b3c3d520d4b3aca459631990
- kind: project-relative
  target: codex
  value: .agents/skills/code-quality-check/agents/openai.yaml
  runtime: null
  scope: project
  owners:
  - aoirint/skills
  active_owner: aoirint/skills
  content_hash: sha256:69a8a75579e3b47dc69a176417b97441adf81bc54984d3f6bc114e47a68bc9b3
- kind: project-relative
  target: codex
  value: .agents/skills/commit-message-quality-check
  runtime: null
  scope: project
  owners:
  - aoirint/skills
  active_owner: aoirint/skills
  content_hash: null
- kind: project-relative
  target: codex
  value: .agents/skills/commit-message-quality-check/README.md
  runtime: null
  scope: project
  owners:
  - aoirint/skills
  active_owner: aoirint/skills
  content_hash: sha256:c23949080d05f47cce728410ca3190225397aa41ac2015c6f02ee478ec412a24
- kind: project-relative
  target: codex
  value: .agents/skills/commit-message-quality-check/SKILL.md
  runtime: null
  scope: project
  owners:
  - aoirint/skills
  active_owner: aoirint/skills
  content_hash: sha256:db272bb7467bcb6a6c3d837dec60a34f7081c135fcd40a9e00cf4a84e29ffabe
- kind: project-relative
  target: codex
  value: .agents/skills/commit-message-quality-check/agents/openai.yaml
  runtime: null
  scope: project
  owners:
  - aoirint/skills
  active_owner: aoirint/skills
  content_hash: sha256:faffd948a0989dcfc87dcd3b0580c4a7003d01ef436e66dab9f280df57de652c
- kind: project-relative
  target: codex
  value: .agents/skills/docker-quality-check
  runtime: null
  scope: project
  owners:
  - aoirint/skills
  active_owner: aoirint/skills
  content_hash: null
- kind: project-relative
  target: codex
  value: .agents/skills/docker-quality-check/README.md
  runtime: null
  scope: project
  owners:
  - aoirint/skills
  active_owner: aoirint/skills
  content_hash: sha256:912a73d3de06babc6eed1ecdaf275139ae465797083dc5427affb54d00c57bf0
- kind: project-relative
  target: codex
  value: .agents/skills/docker-quality-check/SKILL.md
  runtime: null
  scope: project
  owners:
  - aoirint/skills
  active_owner: aoirint/skills
  content_hash: sha256:85b24dafab008013de4edada0ab17defd1bd06ac879b3a0342648620b4e56cce
- kind: project-relative
  target: codex
  value: .agents/skills/docker-quality-check/agents/openai.yaml
  runtime: null
  scope: project
  owners:
  - aoirint/skills
  active_owner: aoirint/skills
  content_hash: sha256:56a5f1b83f050b12555bbf85d1fd66c206016b8f939b79370e250b4e661cafd7
- kind: project-relative
  target: codex
  value: .agents/skills/docker-quality-check/assets/github/actions/check-docker-source/action.yml
  runtime: null
  scope: project
  owners:
  - aoirint/skills
  active_owner: aoirint/skills
  content_hash: sha256:d3d30f80b163e6e60e6a47c46b79fc6f1afc6047ba093aacd5459432a069872e
- kind: project-relative
  target: codex
  value: .agents/skills/docker-quality-check/assets/github/workflows/main.yml
  runtime: null
  scope: project
  owners:
  - aoirint/skills
  active_owner: aoirint/skills
  content_hash: sha256:7aaaecf2bc58c849c1877264f8c1363cd3376a158d25f948111f2adda7a1bf51
- kind: project-relative
  target: codex
  value: .agents/skills/docker-quality-check/assets/github/workflows/pull-request.yml
  runtime: null
  scope: project
  owners:
  - aoirint/skills
  active_owner: aoirint/skills
  content_hash: sha256:f2571d65cf632f40ecdaca58334cb1ff793c7770aafffa0d691450216cf50a83
- kind: project-relative
  target: codex
  value: .agents/skills/docker-quality-check/references/accelerator-runtime-validation.md
  runtime: null
  scope: project
  owners:
  - aoirint/skills
  active_owner: aoirint/skills
  content_hash: sha256:0a37c8eebe89a3d293603145708b6876a49ace3d856edf848ac74be07c596f45
- kind: project-relative
  target: codex
  value: .agents/skills/docker-quality-check/references/ci-template-contract.md
  runtime: null
  scope: project
  owners:
  - aoirint/skills
  active_owner: aoirint/skills
  content_hash: sha256:e9d1a4f0c2e472dbe18f062a968f79e10daf10a87fa54091edfaead7222749b9
- kind: project-relative
  target: codex
  value: .agents/skills/docker-quality-check/references/registry-image-deletion.md
  runtime: null
  scope: project
  owners:
  - aoirint/skills
  active_owner: aoirint/skills
  content_hash: sha256:a02688f52be5fccef96a2f25a70451eb8c579a46aa21ce27ee57ebc3a3f71a7e
- kind: project-relative
  target: codex
  value: .agents/skills/docker-quality-check/references/runtime-isolation-validation.md
  runtime: null
  scope: project
  owners:
  - aoirint/skills
  active_owner: aoirint/skills
  content_hash: sha256:7eaadd59b0db06e156e52013e1beafaef8eb04ea47954a8db6e577a224cd8e02
- kind: project-relative
  target: codex
  value: .agents/skills/git-worktree-workflow
  runtime: null
  scope: project
  owners:
  - aoirint/skills
  active_owner: aoirint/skills
  content_hash: null
- kind: project-relative
  target: codex
  value: .agents/skills/git-worktree-workflow/README.md
  runtime: null
  scope: project
  owners:
  - aoirint/skills
  active_owner: aoirint/skills
  content_hash: sha256:fa6483b5919a01b84fa0d6ffcbaae20b84ed3807e18029e8807e61b0ee4f9de9
- kind: project-relative
  target: codex
  value: .agents/skills/git-worktree-workflow/SKILL.md
  runtime: null
  scope: project
  owners:
  - aoirint/skills
  active_owner: aoirint/skills
  content_hash: sha256:67e2474b9878cc6cb209ae30b19c233f65969abe5b5d543f0c9a16e46f1d40d2
- kind: project-relative
  target: codex
  value: .agents/skills/git-worktree-workflow/agents/openai.yaml
  runtime: null
  scope: project
  owners:
  - aoirint/skills
  active_owner: aoirint/skills
  content_hash: sha256:3eb9da73e7a041e77d82f0d5c3a8c67e914575cff8651b71d077db30fe3da99a
- kind: project-relative
  target: codex
  value: .agents/skills/github-workflow
  runtime: null
  scope: project
  owners:
  - aoirint/skills
  active_owner: aoirint/skills
  content_hash: null
- kind: project-relative
  target: codex
  value: .agents/skills/github-workflow/README.md
  runtime: null
  scope: project
  owners:
  - aoirint/skills
  active_owner: aoirint/skills
  content_hash: sha256:5d23c667c4b4aedfdad8110690ac0a08cb9f91b91b6e75b8769a12f497324bae
- kind: project-relative
  target: codex
  value: .agents/skills/github-workflow/SKILL.md
  runtime: null
  scope: project
  owners:
  - aoirint/skills
  active_owner: aoirint/skills
  content_hash: sha256:fff81418d111a2fe43bdb0a438600d728fba867c129b5d690cf50d4326b840f0
- kind: project-relative
  target: codex
  value: .agents/skills/github-workflow/agents/openai.yaml
  runtime: null
  scope: project
  owners:
  - aoirint/skills
  active_owner: aoirint/skills
  content_hash: sha256:1f792d6b510760ad131a4b4d077dfc84da1cdee4c30efc8e47d3e92aac939e6c
- kind: project-relative
  target: codex
  value: .agents/skills/github-workflow/references/fallback-pr-body.md
  runtime: null
  scope: project
  owners:
  - aoirint/skills
  active_owner: aoirint/skills
  content_hash: sha256:b98239e7d4cdddd8e267ab155f4e4c38fcc514526d9a32f13fcd5b21a1c07eb2
- kind: project-relative
  target: codex
  value: .agents/skills/github-workflow/references/repository-settings.md
  runtime: null
  scope: project
  owners:
  - aoirint/skills
  active_owner: aoirint/skills
  content_hash: sha256:4a7ac9d7281c203d84f4ba7ddad6940218194ed3e365ab1c3ff1d1b1519f87e6
- kind: project-relative
  target: codex
  value: .agents/skills/github-workflow/scripts/check_llm_disclosure.py
  runtime: null
  scope: project
  owners:
  - aoirint/skills
  active_owner: aoirint/skills
  content_hash: sha256:bc9c5cbd8efa77095eac42e53da714ed8dff86fa3b0e7870fc3e7eca1ca36e20
- kind: project-relative
  target: codex
  value: .agents/skills/gitignore-workflow
  runtime: null
  scope: project
  owners:
  - aoirint/skills
  active_owner: aoirint/skills
  content_hash: null
- kind: project-relative
  target: codex
  value: .agents/skills/gitignore-workflow/README.md
  runtime: null
  scope: project
  owners:
  - aoirint/skills
  active_owner: aoirint/skills
  content_hash: sha256:0de188ebcdd40ea1aec701410e1c2182049b66bc4ec4d83a3bf55685b4267d47
- kind: project-relative
  target: codex
  value: .agents/skills/gitignore-workflow/SKILL.md
  runtime: null
  scope: project
  owners:
  - aoirint/skills
  active_owner: aoirint/skills
  content_hash: sha256:2ef38f42e418c10e0ba7632e3ba37614df97044dfa8847ad1338e6c4c896c089
- kind: project-relative
  target: codex
  value: .agents/skills/gitignore-workflow/agents/openai.yaml
  runtime: null
  scope: project
  owners:
  - aoirint/skills
  active_owner: aoirint/skills
  content_hash: sha256:f6a9b176003028588ff4c1d9ee4e23c625892d00b65086bf4b6b26a3f896030d
- kind: project-relative
  target: codex
  value: .agents/skills/prose-quality-check
  runtime: null
  scope: project
  owners:
  - aoirint/skills
  active_owner: aoirint/skills
  content_hash: null
- kind: project-relative
  target: codex
  value: .agents/skills/prose-quality-check/README.md
  runtime: null
  scope: project
  owners:
  - aoirint/skills
  active_owner: aoirint/skills
  content_hash: sha256:8e4d9f8f8fdfba1cf7fe71fa88cac6baffa0d3c7616f744c0e3b1add102be5e7
- kind: project-relative
  target: codex
  value: .agents/skills/prose-quality-check/SKILL.md
  runtime: null
  scope: project
  owners:
  - aoirint/skills
  active_owner: aoirint/skills
  content_hash: sha256:f2e0eca08cdbfb7efe9eadcf352b3ae874c8e8d48c753d0ea27ed3eda135bcff
- kind: project-relative
  target: codex
  value: .agents/skills/prose-quality-check/agents/openai.yaml
  runtime: null
  scope: project
  owners:
  - aoirint/skills
  active_owner: aoirint/skills
  content_hash: sha256:b83e0a5d151e6e20df6f7d97f268955c6abfd105d53820f6baad0de8403fc062
- kind: project-relative
  target: codex
  value: .agents/skills/prose-quality-check/assets/markdownlint-cli2.yaml
  runtime: null
  scope: project
  owners:
  - aoirint/skills
  active_owner: aoirint/skills
  content_hash: sha256:1044e29915fe15e9083f808d1170c84cfc0b848123c0da435cabb9512d39c203
- kind: project-relative
  target: codex
  value: .agents/skills/python-quality-check
  runtime: null
  scope: project
  owners:
  - aoirint/skills
  active_owner: aoirint/skills
  content_hash: null
- kind: project-relative
  target: codex
  value: .agents/skills/python-quality-check/README.md
  runtime: null
  scope: project
  owners:
  - aoirint/skills
  active_owner: aoirint/skills
  content_hash: sha256:20a23003a24a8caf2f03dd5a06bed99c81cf93ab53fe5a196c6a67ab59c53b0e
- kind: project-relative
  target: codex
  value: .agents/skills/python-quality-check/SKILL.md
  runtime: null
  scope: project
  owners:
  - aoirint/skills
  active_owner: aoirint/skills
  content_hash: sha256:bb6e4e3ad15fb89edf77643af0c7ede8a647d6d68a7d71d57da6acad5517206c
- kind: project-relative
  target: codex
  value: .agents/skills/python-quality-check/agents/openai.yaml
  runtime: null
  scope: project
  owners:
  - aoirint/skills
  active_owner: aoirint/skills
  content_hash: sha256:f0b4ad3807e177becec02271314fb32c1ec8d5a7682725ddd4a611a5381084d1
- kind: project-relative
  target: codex
  value: .agents/skills/python-quality-check/assets/github/actions/setup-python-locked/action.yml
  runtime: null
  scope: project
  owners:
  - aoirint/skills
  active_owner: aoirint/skills
  content_hash: sha256:a78b34f3bfdd20cd2624bb093f0a927ea6c2edddc4301a2d60ec8a86e0fa2589
- kind: project-relative
  target: codex
  value: .agents/skills/python-quality-check/assets/github/actions/setup-python-locked/resolve-python-contract.sh
  runtime: null
  scope: project
  owners:
  - aoirint/skills
  active_owner: aoirint/skills
  content_hash: sha256:71e09fff0baf2630e766c8dd32eef32d0735dbc11b4f25fe335cca10f99548e8
- kind: project-relative
  target: codex
  value: .agents/skills/python-quality-check/references/ci-and-distribution.md
  runtime: null
  scope: project
  owners:
  - aoirint/skills
  active_owner: aoirint/skills
  content_hash: sha256:e52aaf46c28816d6f6262a5421dba8de9f906d2b606987bedcda840d2e687281
- kind: project-relative
  target: codex
  value: .agents/skills/python-quality-check/references/tooling-and-testing.md
  runtime: null
  scope: project
  owners:
  - aoirint/skills
  active_owner: aoirint/skills
  content_hash: sha256:dd55defe261fd16e88e9ef4acf2487ec4c05cca160c153db1a0e6746b3e39b44
- kind: project-relative
  target: codex
  value: .agents/skills/python-quality-check/scripts/check_project.py
  runtime: null
  scope: project
  owners:
  - aoirint/skills
  active_owner: aoirint/skills
  content_hash: sha256:8175b500198399a2ce8b79b4fc8d1902f791d163a0d6dfd35b5ce56b41c5ccc5
- kind: project-relative
  target: codex
  value: .agents/skills/python-quality-check/scripts/check_project.py.lock
  runtime: null
  scope: project
  owners:
  - aoirint/skills
  active_owner: aoirint/skills
  content_hash: sha256:76042d39ffdbb675188966b4fc41d312b0ec9374a7aa438d4f5e919adcf04c07
- kind: project-relative
  target: codex
  value: .agents/skills/python-quality-check/scripts/inspect_distribution.py
  runtime: null
  scope: project
  owners:
  - aoirint/skills
  active_owner: aoirint/skills
  content_hash: sha256:86cc60199cf85c6eab39f648c9892963fbfd2ec6d913106119b0eb679eca6849
- kind: project-relative
  target: codex
  value: .agents/skills/python-quality-check/scripts/inspect_distribution.py.lock
  runtime: null
  scope: project
  owners:
  - aoirint/skills
  active_owner: aoirint/skills
  content_hash: sha256:76042d39ffdbb675188966b4fc41d312b0ec9374a7aa438d4f5e919adcf04c07
- kind: project-relative
  target: codex
  value: .agents/skills/python-quality-check/scripts/test_check_project.py
  runtime: null
  scope: project
  owners:
  - aoirint/skills
  active_owner: aoirint/skills
  content_hash: sha256:3f11ecf64d5febb40c3401cd1af77fdc979c273ed3e58000c5de15cc75bf4f89
- kind: project-relative
  target: codex
  value: .agents/skills/python-quality-check/scripts/test_inspect_distribution.py
  runtime: null
  scope: project
  owners:
  - aoirint/skills
  active_owner: aoirint/skills
  content_hash: sha256:71758c1bb5e05991d8965a323f41e7c25aba529e777a9340d38c10f433392263
- kind: project-relative
  target: codex
  value: .agents/skills/release-note-workflow
  runtime: null
  scope: project
  owners:
  - aoirint/skills
  active_owner: aoirint/skills
  content_hash: null
- kind: project-relative
  target: codex
  value: .agents/skills/release-note-workflow/README.md
  runtime: null
  scope: project
  owners:
  - aoirint/skills
  active_owner: aoirint/skills
  content_hash: sha256:f13446e75a1c77495c4d55476ba8ca919aa3181e0864feb7a668a20a5cdf964b
- kind: project-relative
  target: codex
  value: .agents/skills/release-note-workflow/SKILL.md
  runtime: null
  scope: project
  owners:
  - aoirint/skills
  active_owner: aoirint/skills
  content_hash: sha256:518296cb00d1ef181785ea8abd0150b9704b5cdd05a48fc0390284c548ef421c
- kind: project-relative
  target: codex
  value: .agents/skills/release-note-workflow/agents/openai.yaml
  runtime: null
  scope: project
  owners:
  - aoirint/skills
  active_owner: aoirint/skills
  content_hash: sha256:30cfe7d4520783cfc8c72f5f81cc3e7a5708a5827e691f0003a665d89558fda0
- kind: project-relative
  target: codex
  value: .agents/skills/security-check
  runtime: null
  scope: project
  owners:
  - aoirint/skills
  active_owner: aoirint/skills
  content_hash: null
- kind: project-relative
  target: codex
  value: .agents/skills/security-check/README.md
  runtime: null
  scope: project
  owners:
  - aoirint/skills
  active_owner: aoirint/skills
  content_hash: sha256:d321689b998388180ac852fdb6374ab3b79bec508a53d00461a9db79fb246d2e
- kind: project-relative
  target: codex
  value: .agents/skills/security-check/SKILL.md
  runtime: null
  scope: project
  owners:
  - aoirint/skills
  active_owner: aoirint/skills
  content_hash: sha256:658368991ef988551e192551e7e539a6801f74d587b95039bbc9b36c6ab75345
- kind: project-relative
  target: codex
  value: .agents/skills/security-check/agents/openai.yaml
  runtime: null
  scope: project
  owners:
  - aoirint/skills
  active_owner: aoirint/skills
  content_hash: sha256:b1021ca2df7466813d0a376fc8bdff83603f568b02ef712e236fb2cfeef377c0
- kind: project-relative
  target: codex
  value: .agents/skills/security-check/references/artifact-inspection.md
  runtime: null
  scope: project
  owners:
  - aoirint/skills
  active_owner: aoirint/skills
  content_hash: sha256:9842555f4789e77e6cf3d22b000116497207ecf6fa5587f2b1fe0dc20e7dffda
- kind: project-relative
  target: codex
  value: .agents/skills/security-check/references/distributed-software-licensing.md
  runtime: null
  scope: project
  owners:
  - aoirint/skills
  active_owner: aoirint/skills
  content_hash: sha256:dce7c9fbfe665eb875388ab732b63b0226a5fd4592b12a62c42b6d1372c0d025
- kind: project-relative
  target: codex
  value: .agents/skills/security-check/references/external-code-execution.md
  runtime: null
  scope: project
  owners:
  - aoirint/skills
  active_owner: aoirint/skills
  content_hash: sha256:87ca817baa02ef6b955e5878f0cd79c875abdb0be6e0177cfce158968e628bc3
